
Microsoft Visual Studio Solution File, Format Version 12.00
# Visual Studio Version 16
VisualStudioVersion = 16.0.29215.179
MinimumVisualStudioVersion = 10.0.40219.1
Project("{FAE04EC0-301F-11D3-BF4B-00C04F79EFBC}") = "HW1_8815", "HW1_8815.csproj", "{911041AD-DBE4-4E6F-AE21-517C91A8C667}"
EndProject
Global
	GlobalSection(SolutionConfigurationPlatforms) = preSolution
		Debug|Any CPU = Debug|Any CPU
		Release|Any CPU = Release|Any CPU
	EndGlobalSection
	GlobalSection(ProjectConfigurationPlatforms) = postSolution
		{911041AD-DBE4-4E6F-AE21-517C91A8C667}.Debug|Any CPU.ActiveCfg = Debug|Any CPU
		{911041AD-DBE4-4E6F-AE21-517C91A8C667}.Debug|Any CPU.Build.0 = Debug|Any CPU
		{911041AD-DBE4-4E6F-AE21-517C91A8C667}.Release|Any CPU.ActiveCfg = Release|Any CPU
		{911041AD-DBE4-4E6F-AE21-517C91A8C667}.Release|Any CPU.Build.0 = Release|Any CPU
	EndGlobalSection
	GlobalSection(SolutionProperties) = preSolution
		HideSolutionNode = FALSE
	EndGlobalSection
	GlobalSection(ExtensibilityGlobals) = postSolution
		SolutionGuid = {3F81A6AA-CA10-4BF0-A2BB-10B4D5B1E02E}
	EndGlobalSection
EndGlobal
